
Microsoft Visual Studio Solution File, Format Version 12.00
# Visual Studio Version 16
VisualStudioVersion = 16.0.29102.190
MinimumVisualStudioVersion = 10.0.40219.1
Project("{FAE04EC0-301F-11D3-BF4B-00C04F79EFBC}") = "LuceneNetCoreTest", "LuceneNetCoreTest.csproj", "{B6F2115D-DA8E-4B91-B36C-26E577593702}"
EndProject
Global
	GlobalSection(SolutionConfigurationPlatforms) = preSolution
		Debug|Any CPU = Debug|Any CPU
		Release|Any CPU = Release|Any CPU
	EndGlobalSection
	GlobalSection(ProjectConfigurationPlatforms) = postSolution
		{B6F2115D-DA8E-4B91-B36C-26E577593702}.Debug|Any CPU.ActiveCfg = Debug|Any CPU
		{B6F2115D-DA8E-4B91-B36C-26E577593702}.Debug|Any CPU.Build.0 = Debug|Any CPU
		{B6F2115D-DA8E-4B91-B36C-26E577593702}.Release|Any CPU.ActiveCfg = Release|Any CPU
		{B6F2115D-DA8E-4B91-B36C-26E577593702}.Release|Any CPU.Build.0 = Release|Any CPU
	EndGlobalSection
	GlobalSection(SolutionProperties) = preSolution
		HideSolutionNode = FALSE
	EndGlobalSection
	GlobalSection(ExtensibilityGlobals) = postSolution
		SolutionGuid = {18B5B92B-B7C2-41BA-9E96-C6397B5DE602}
	EndGlobalSection
EndGlobal
